
Microsoft Visual Studio Solution File, Format Version 12.00
# Visual Studio Version 17
VisualStudioVersion = 17.0.32126.317
MinimumVisualStudioVersion = 10.0.40219.1
Project("{8BC9CEB8-8B4A-11D0-8D11-00A0C91BC942}") = "16.2_전처리를_준비하는_번역_단계", "16.1_전처리기가_해주는_일들\16.1_전처리기가_해주는_일들.vcxproj", "{1BE9AB78-DE21-44A9-ADC8-B31629DEDA23}"
EndProject
Project("{8BC9CEB8-8B4A-11D0-8D11-00A0C91BC942}") = "16.3_define_매크로", "16.3_define_매크로\16.3_define_매크로.vcxproj", "{DDB0BF2B-5A8C-480E-88FB-D3E9A9048F9D}"
EndProject
Project("{8BC9CEB8-8B4A-11D0-8D11-00A0C91BC942}") = "16.4_함수_같은_매크로A", "16.4_함수_같은_매크로\16.4_함수_같은_매크로.vcxproj", "{F949A39C-F762-4B92-910E-A378128345F0}"
EndProject
Project("{8BC9CEB8-8B4A-11D0-8D11-00A0C91BC942}") = "16.4_함수_같은_매크로B", "16.4_함수_같은_매크로B\16.4_함수_같은_매크로B.vcxproj", "{64210B5D-F804-4B43-BA6C-C490179F7EB5}"
EndProject
Project("{8BC9CEB8-8B4A-11D0-8D11-00A0C91BC942}") = "16.5_가변_인수_매크로(Variadic_Macros)", "16.5_가변_인수_매크로\16.5_가변_인수_매크로.vcxproj", "{C961B0DC-60F1-498E-8E57-FEA4F1CE8C58}"
EndProject
Project("{8BC9CEB8-8B4A-11D0-8D11-00A0C91BC942}") = "16.6_include와_헤더_파일", "16.6_include와_헤더_파일\16.6_include와_헤더_파일.vcxproj", "{E30CE6BD-A3B3-4B9D-8BBF-2B27D6FEF7C5}"
EndProject
Project("{8BC9CEB8-8B4A-11D0-8D11-00A0C91BC942}") = "16.7_조건에_따라_다르게_컴파일하기(undef)", "16.7_조건에_따라_다르게_컴파일하기\16.7_조건에_따라_다르게_컴파일하기.vcxproj", "{AA39DCAF-52C5-4B19-BA99-0CD1A514DD52}"
EndProject
Project("{8BC9CEB8-8B4A-11D0-8D11-00A0C91BC942}") = "16.7_조건에_따라_다르게_컴파일하기(Headerguards)", "16.7_조건에_따라_다르게_컴파일하기(Headerguards)\16.7_조건에_따라_다르게_컴파일하기(Headerguards).vcxproj", "{D013536E-F3DE-412E-AB94-0593F82D7DF7}"
EndProject
Project("{8BC9CEB8-8B4A-11D0-8D11-00A0C91BC942}") = "16.7_조건에_따라_다르게_컴파일C", "16.7_조건에_따라_다르게_컴파일\16.7_조건에_따라_다르게_컴파일.vcxproj", "{8FB347A6-F0CF-4682-B63C-9C7D957FCF83}"
EndProject
Project("{8BC9CEB8-8B4A-11D0-8D11-00A0C91BC942}") = "16.7_조건에_따라_다르게_컴파일D", "16.7_조건에_따라_다르게_컴파일D\16.7_조건에_따라_다르게_컴파일D.vcxproj", "{F1F36328-C33D-453A-B6D9-EB4B9F957961}"
EndProject
Project("{8BC9CEB8-8B4A-11D0-8D11-00A0C91BC942}") = "16.7_조건에_따라_다르게_컴파일E", "16.7_조건에_따라_다르게_컴파일E\16.7_조건에_따라_다르게_컴파일E.vcxproj", "{650BB484-AC88-4E76-A82E-945574056D44}"
EndProject
Project("{8BC9CEB8-8B4A-11D0-8D11-00A0C91BC942}") = "16.8_미리_정의된_매크로들, line, error", "16.8_미리_정의된_매크로들, line, error\16.8_미리_정의된_매크로들, line, error.vcxproj", "{275636AE-AADE-4D4C-96BD-C494B55A7E91}"
EndProject
Project("{8BC9CEB8-8B4A-11D0-8D11-00A0C91BC942}") = "16.9_pragma_지시자", "16.9_pragma_지시자\16.9_pragma_지시자.vcxproj", "{A308851B-D745-4ABE-B35C-39ED6CE4592F}"
EndProject
Project("{8BC9CEB8-8B4A-11D0-8D11-00A0C91BC942}") = "16.10_ _Generic_표현식", "16.10_ _Generic_표현식\16.10_ _Generic_표현식.vcxproj", "{849995A6-2354-4063-8EA1-1A2FD06E7759}"
EndProject
Project("{8BC9CEB8-8B4A-11D0-8D11-00A0C91BC942}") = "16.11_inline_함수", "16.11_inline_함수\16.11_inline_함수.vcxproj", "{41003313-F05E-460F-B021-BDC2FDDF8BBB}"
EndProject
Project("{8BC9CEB8-8B4A-11D0-8D11-00A0C91BC942}") = "16.11_inline_함수(B)", "16.11_inline_함수(B)\16.11_inline_함수(B).vcxproj", "{CDEA1E89-9A9F-412C-8832-AE5834F1AC9B}"
EndProject
Project("{8BC9CEB8-8B4A-11D0-8D11-00A0C91BC942}") = "16.12_라이브러리", "16.12_라이브러리\16.12_라이브러리.vcxproj", "{9D76F7E1-8F8F-4495-9CA0-0577548A5EA3}"
EndProject
Project("{8BC9CEB8-8B4A-11D0-8D11-00A0C91BC942}") = "16.12_라이브러리(B)", "16.12_라이브러리(B)\16.12_라이브러리(B).vcxproj", "{B1189BA6-8F84-4FBA-ABA1-3391E0A80717}"
EndProject
Project("{8BC9CEB8-8B4A-11D0-8D11-00A0C91BC942}") = "16.13_표준_수학_라이브러리", "16.13_표준_수학_라이브러리\16.13_표준_수학_라이브러리.vcxproj", "{B0809334-F394-45D5-9FF9-2F82BB453D0A}"
EndProject
Project("{8BC9CEB8-8B4A-11D0-8D11-00A0C91BC942}") = "16.14_표준_유틸리티_라이브러리", "16.14_표준_유틸리티_라이브러리\16.14_표준_유틸리티_라이브러리.vcxproj", "{74DD85F8-64C3-419F-9B9F-84FC62EDBBA5}"
EndProject
Project("{8BC9CEB8-8B4A-11D0-8D11-00A0C91BC942}") = "16.15_assert_라이브러리", "16.15_assert_라이브러리\16.15_assert_라이브러리.vcxproj", "{AEDAAF92-C798-4EE5-B702-929F9DCB7359}"
EndProject
Project("{8BC9CEB8-8B4A-11D0-8D11-00A0C91BC942}") = "16.16_memcpy()와 memmove()", "16.16_memcpy()와 memmove()\16.16_memcpy()와 memmove().vcxproj", "{FB6BFF82-CEB8-430E-95C0-AB55D78143CC}"
EndProject
Project("{8BC9CEB8-8B4A-11D0-8D11-00A0C91BC942}") = "16.17_가변_인수", "16.17_가변_인수\16.17_가변_인수.vcxproj", "{FA213868-85F0-4428-8404-2CA3E65105B7}"
EndProject
Global
	GlobalSection(SolutionConfigurationPlatforms) = preSolution
		Debug|x64 = Debug|x64
		Debug|x86 = Debug|x86
		Release|x64 = Release|x64
		Release|x86 = Release|x86
	EndGlobalSection
	GlobalSection(ProjectConfigurationPlatforms) = postSolution
		{1BE9AB78-DE21-44A9-ADC8-B31629DEDA23}.Debug|x64.ActiveCfg = Debug|x64
		{1BE9AB78-DE21-44A9-ADC8-B31629DEDA23}.Debug|x64.Build.0 = Debug|x64
		{1BE9AB78-DE21-44A9-ADC8-B31629DEDA23}.Debug|x86.ActiveCfg = Debug|Win32
		{1BE9AB78-DE21-44A9-ADC8-B31629DEDA23}.Debug|x86.Build.0 = Debug|Win32
		{1BE9AB78-DE21-44A9-ADC8-B31629DEDA23}.Release|x64.ActiveCfg = Release|x64
		{1BE9AB78-DE21-44A9-ADC8-B31629DEDA23}.Release|x64.Build.0 = Release|x64
		{1BE9AB78-DE21-44A9-ADC8-B31629DEDA23}.Release|x86.ActiveCfg = Release|Win32
		{1BE9AB78-DE21-44A9-ADC8-B31629DEDA23}.Release|x86.Build.0 = Release|Win32
		{DDB0BF2B-5A8C-480E-88FB-D3E9A9048F9D}.Debug|x64.ActiveCfg = Debug|x64
		{DDB0BF2B-5A8C-480E-88FB-D3E9A9048F9D}.Debug|x64.Build.0 = Debug|x64
		{DDB0BF2B-5A8C-480E-88FB-D3E9A9048F9D}.Debug|x86.ActiveCfg = Debug|Win32
		{DDB0BF2B-5A8C-480E-88FB-D3E9A9048F9D}.Debug|x86.Build.0 = Debug|Win32
		{DDB0BF2B-5A8C-480E-88FB-D3E9A9048F9D}.Release|x64.ActiveCfg = Release|x64
		{DDB0BF2B-5A8C-480E-88FB-D3E9A9048F9D}.Release|x64.Build.0 = Release|x64
		{DDB0BF2B-5A8C-480E-88FB-D3E9A9048F9D}.Release|x86.ActiveCfg = Release|Win32
		{DDB0BF2B-5A8C-480E-88FB-D3E9A9048F9D}.Release|x86.Build.0 = Release|Win32
		{F949A39C-F762-4B92-910E-A378128345F0}.Debug|x64.ActiveCfg = Debug|x64
		{F949A39C-F762-4B92-910E-A378128345F0}.Debug|x64.Build.0 = Debug|x64
		{F949A39C-F762-4B92-910E-A378128345F0}.Debug|x86.ActiveCfg = Debug|Win32
		{F949A39C-F762-4B92-910E-A378128345F0}.Debug|x86.Build.0 = Debug|Win32
		{F949A39C-F762-4B92-910E-A378128345F0}.Release|x64.ActiveCfg = Release|x64
		{F949A39C-F762-4B92-910E-A378128345F0}.Release|x64.Build.0 = Release|x64
		{F949A39C-F762-4B92-910E-A378128345F0}.Release|x86.ActiveCfg = Release|Win32
		{F949A39C-F762-4B92-910E-A378128345F0}.Release|x86.Build.0 = Release|Win32
		{64210B5D-F804-4B43-BA6C-C490179F7EB5}.Debug|x64.ActiveCfg = Debug|x64
		{64210B5D-F804-4B43-BA6C-C490179F7EB5}.Debug|x64.Build.0 = Debug|x64
		{64210B5D-F804-4B43-BA6C-C490179F7EB5}.Debug|x86.ActiveCfg = Debug|Win32
		{64210B5D-F804-4B43-BA6C-C490179F7EB5}.Debug|x86.Build.0 = Debug|Win32
		{64210B5D-F804-4B43-BA6C-C490179F7EB5}.Release|x64.ActiveCfg = Release|x64
		{64210B5D-F804-4B43-BA6C-C490179F7EB5}.Release|x64.Build.0 = Release|x64
		{64210B5D-F804-4B43-BA6C-C490179F7EB5}.Release|x86.ActiveCfg = Release|Win32
		{64210B5D-F804-4B43-BA6C-C490179F7EB5}.Release|x86.Build.0 = Release|Win32
		{C961B0DC-60F1-498E-8E57-FEA4F1CE8C58}.Debug|x64.ActiveCfg = Debug|x64
		{C961B0DC-60F1-498E-8E57-FEA4F1CE8C58}.Debug|x64.Build.0 = Debug|x64
		{C961B0DC-60F1-498E-8E57-FEA4F1CE8C58}.Debug|x86.ActiveCfg = Debug|Win32
		{C961B0DC-60F1-498E-8E57-FEA4F1CE8C58}.Debug|x86.Build.0 = Debug|Win32
		{C961B0DC-60F1-498E-8E57-FEA4F1CE8C58}.Release|x64.ActiveCfg = Release|x64
		{C961B0DC-60F1-498E-8E57-FEA4F1CE8C58}.Release|x64.Build.0 = Release|x64
		{C961B0DC-60F1-498E-8E57-FEA4F1CE8C58}.Release|x86.ActiveCfg = Release|Win32
		{C961B0DC-60F1-498E-8E57-FEA4F1CE8C58}.Release|x86.Build.0 = Release|Win32
		{E30CE6BD-A3B3-4B9D-8BBF-2B27D6FEF7C5}.Debug|x64.ActiveCfg = Debug|x64
		{E30CE6BD-A3B3-4B9D-8BBF-2B27D6FEF7C5}.Debug|x64.Build.0 = Debug|x64
		{E30CE6BD-A3B3-4B9D-8BBF-2B27D6FEF7C5}.Debug|x86.ActiveCfg = Debug|Win32
		{E30CE6BD-A3B3-4B9D-8BBF-2B27D6FEF7C5}.Debug|x86.Build.0 = Debug|Win32
		{E30CE6BD-A3B3-4B9D-8BBF-2B27D6FEF7C5}.Release|x64.ActiveCfg = Release|x64
		{E30CE6BD-A3B3-4B9D-8BBF-2B27D6FEF7C5}.Release|x64.Build.0 = Release|x64
		{E30CE6BD-A3B3-4B9D-8BBF-2B27D6FEF7C5}.Release|x86.ActiveCfg = Release|Win32
		{E30CE6BD-A3B3-4B9D-8BBF-2B27D6FEF7C5}.Release|x86.Build.0 = Release|Win32
		{AA39DCAF-52C5-4B19-BA99-0CD1A514DD52}.Debug|x64.ActiveCfg = Debug|x64
		{AA39DCAF-52C5-4B19-BA99-0CD1A514DD52}.Debug|x64.Build.0 = Debug|x64
		{AA39DCAF-52C5-4B19-BA99-0CD1A514DD52}.Debug|x86.ActiveCfg = Debug|Win32
		{AA39DCAF-52C5-4B19-BA99-0CD1A514DD52}.Debug|x86.Build.0 = Debug|Win32
		{AA39DCAF-52C5-4B19-BA99-0CD1A514DD52}.Release|x64.ActiveCfg = Release|x64
		{AA39DCAF-52C5-4B19-BA99-0CD1A514DD52}.Release|x64.Build.0 = Release|x64
		{AA39DCAF-52C5-4B19-BA99-0CD1A514DD52}.Release|x86.ActiveCfg = Release|Win32
		{AA39DCAF-52C5-4B19-BA99-0CD1A514DD52}.Release|x86.Build.0 = Release|Win32
		{D013536E-F3DE-412E-AB94-0593F82D7DF7}.Debug|x64.ActiveCfg = Debug|x64
		{D013536E-F3DE-412E-AB94-0593F82D7DF7}.Debug|x64.Build.0 = Debug|x64
		{D013536E-F3DE-412E-AB94-0593F82D7DF7}.Debug|x86.ActiveCfg = Debug|Win32
		{D013536E-F3DE-412E-AB94-0593F82D7DF7}.Debug|x86.Build.0 = Debug|Win32
		{D013536E-F3DE-412E-AB94-0593F82D7DF7}.Release|x64.ActiveCfg = Release|x64
		{D013536E-F3DE-412E-AB94-0593F82D7DF7}.Release|x64.Build.0 = Release|x64
		{D013536E-F3DE-412E-AB94-0593F82D7DF7}.Release|x86.ActiveCfg = Release|Win32
		{D013536E-F3DE-412E-AB94-0593F82D7DF7}.Release|x86.Build.0 = Release|Win32
		{8FB347A6-F0CF-4682-B63C-9C7D957FCF83}.Debug|x64.ActiveCfg = Debug|x64
		{8FB347A6-F0CF-4682-B63C-9C7D957FCF83}.Debug|x64.Build.0 = Debug|x64
		{8FB347A6-F0CF-4682-B63C-9C7D957FCF83}.Debug|x86.ActiveCfg = Debug|Win32
		{8FB347A6-F0CF-4682-B63C-9C7D957FCF83}.Debug|x86.Build.0 = Debug|Win32
		{8FB347A6-F0CF-4682-B63C-9C7D957FCF83}.Release|x64.ActiveCfg = Release|x64
		{8FB347A6-F0CF-4682-B63C-9C7D957FCF83}.Release|x64.Build.0 = Release|x64
		{8FB347A6-F0CF-4682-B63C-9C7D957FCF83}.Release|x86.ActiveCfg = Release|Win32
		{8FB347A6-F0CF-4682-B63C-9C7D957FCF83}.Release|x86.Build.0 = Release|Win32
		{F1F36328-C33D-453A-B6D9-EB4B9F957961}.Debug|x64.ActiveCfg = Debug|x64
		{F1F36328-C33D-453A-B6D9-EB4B9F957961}.Debug|x64.Build.0 = Debug|x64
		{F1F36328-C33D-453A-B6D9-EB4B9F957961}.Debug|x86.ActiveCfg = Debug|Win32
		{F1F36328-C33D-453A-B6D9-EB4B9F957961}.Debug|x86.Build.0 = Debug|Win32
		{F1F36328-C33D-453A-B6D9-EB4B9F957961}.Release|x64.ActiveCfg = Release|x64
		{F1F36328-C33D-453A-B6D9-EB4B9F957961}.Release|x64.Build.0 = Release|x64
		{F1F36328-C33D-453A-B6D9-EB4B9F957961}.Release|x86.ActiveCfg = Release|Win32
		{F1F36328-C33D-453A-B6D9-EB4B9F957961}.Release|x86.Build.0 = Release|Win32
		{650BB484-AC88-4E76-A82E-945574056D44}.Debug|x64.ActiveCfg = Debug|x64
		{650BB484-AC88-4E76-A82E-945574056D44}.Debug|x64.Build.0 = Debug|x64
		{650BB484-AC88-4E76-A82E-945574056D44}.Debug|x86.ActiveCfg = Debug|Win32
		{650BB484-AC88-4E76-A82E-945574056D44}.Debug|x86.Build.0 = Debug|Win32
		{650BB484-AC88-4E76-A82E-945574056D44}.Release|x64.ActiveCfg = Release|x64
		{650BB484-AC88-4E76-A82E-945574056D44}.Release|x64.Build.0 = Release|x64
		{650BB484-AC88-4E76-A82E-945574056D44}.Release|x86.ActiveCfg = Release|Win32
		{650BB484-AC88-4E76-A82E-945574056D44}.Release|x86.Build.0 = Release|Win32
		{275636AE-AADE-4D4C-96BD-C494B55A7E91}.Debug|x64.ActiveCfg = Debug|x64
		{275636AE-AADE-4D4C-96BD-C494B55A7E91}.Debug|x64.Build.0 = Debug|x64
		{275636AE-AADE-4D4C-96BD-C494B55A7E91}.Debug|x86.ActiveCfg = Debug|Win32
		{275636AE-AADE-4D4C-96BD-C494B55A7E91}.Debug|x86.Build.0 = Debug|Win32
		{275636AE-AADE-4D4C-96BD-C494B55A7E91}.Release|x64.ActiveCfg = Release|x64
		{275636AE-AADE-4D4C-96BD-C494B55A7E91}.Release|x64.Build.0 = Release|x64
		{275636AE-AADE-4D4C-96BD-C494B55A7E91}.Release|x86.ActiveCfg = Release|Win32
		{275636AE-AADE-4D4C-96BD-C494B55A7E91}.Release|x86.Build.0 = Release|Win32
		{A308851B-D745-4ABE-B35C-39ED6CE4592F}.Debug|x64.ActiveCfg = Debug|x64
		{A308851B-D745-4ABE-B35C-39ED6CE4592F}.Debug|x64.Build.0 = Debug|x64
		{A308851B-D745-4ABE-B35C-39ED6CE4592F}.Debug|x86.ActiveCfg = Debug|Win32
		{A308851B-D745-4ABE-B35C-39ED6CE4592F}.Debug|x86.Build.0 = Debug|Win32
		{A308851B-D745-4ABE-B35C-39ED6CE4592F}.Release|x64.ActiveCfg = Release|x64
		{A308851B-D745-4ABE-B35C-39ED6CE4592F}.Release|x64.Build.0 = Release|x64
		{A308851B-D745-4ABE-B35C-39ED6CE4592F}.Release|x86.ActiveCfg = Release|Win32
		{A308851B-D745-4ABE-B35C-39ED6CE4592F}.Release|x86.Build.0 = Release|Win32
		{849995A6-2354-4063-8EA1-1A2FD06E7759}.Debug|x64.ActiveCfg = Debug|x64
		{849995A6-2354-4063-8EA1-1A2FD06E7759}.Debug|x64.Build.0 = Debug|x64
		{849995A6-2354-4063-8EA1-1A2FD06E7759}.Debug|x86.ActiveCfg = Debug|Win32
		{849995A6-2354-4063-8EA1-1A2FD06E7759}.Debug|x86.Build.0 = Debug|Win32
		{849995A6-2354-4063-8EA1-1A2FD06E7759}.Release|x64.ActiveCfg = Release|x64
		{849995A6-2354-4063-8EA1-1A2FD06E7759}.Release|x64.Build.0 = Release|x64
		{849995A6-2354-4063-8EA1-1A2FD06E7759}.Release|x86.ActiveCfg = Release|Win32
		{849995A6-2354-4063-8EA1-1A2FD06E7759}.Release|x86.Build.0 = Release|Win32
		{41003313-F05E-460F-B021-BDC2FDDF8BBB}.Debug|x64.ActiveCfg = Debug|x64
		{41003313-F05E-460F-B021-BDC2FDDF8BBB}.Debug|x64.Build.0 = Debug|x64
		{41003313-F05E-460F-B021-BDC2FDDF8BBB}.Debug|x86.ActiveCfg = Debug|Win32
		{41003313-F05E-460F-B021-BDC2FDDF8BBB}.Debug|x86.Build.0 = Debug|Win32
		{41003313-F05E-460F-B021-BDC2FDDF8BBB}.Release|x64.ActiveCfg = Release|x64
		{41003313-F05E-460F-B021-BDC2FDDF8BBB}.Release|x64.Build.0 = Release|x64
		{41003313-F05E-460F-B021-BDC2FDDF8BBB}.Release|x86.ActiveCfg = Release|Win32
		{41003313-F05E-460F-B021-BDC2FDDF8BBB}.Release|x86.Build.0 = Release|Win32
		{CDEA1E89-9A9F-412C-8832-AE5834F1AC9B}.Debug|x64.ActiveCfg = Debug|x64
		{CDEA1E89-9A9F-412C-8832-AE5834F1AC9B}.Debug|x64.Build.0 = Debug|x64
		{CDEA1E89-9A9F-412C-8832-AE5834F1AC9B}.Debug|x86.ActiveCfg = Debug|Win32
		{CDEA1E89-9A9F-412C-8832-AE5834F1AC9B}.Debug|x86.Build.0 = Debug|Win32
		{CDEA1E89-9A9F-412C-8832-AE5834F1AC9B}.Release|x64.ActiveCfg = Release|x64
		{CDEA1E89-9A9F-412C-8832-AE5834F1AC9B}.Release|x64.Build.0 = Release|x64
		{CDEA1E89-9A9F-412C-8832-AE5834F1AC9B}.Release|x86.ActiveCfg = Release|Win32
		{CDEA1E89-9A9F-412C-8832-AE5834F1AC9B}.Release|x86.Build.0 = Release|Win32
		{9D76F7E1-8F8F-4495-9CA0-0577548A5EA3}.Debug|x64.ActiveCfg = Debug|x64
		{9D76F7E1-8F8F-4495-9CA0-0577548A5EA3}.Debug|x64.Build.0 = Debug|x64
		{9D76F7E1-8F8F-4495-9CA0-0577548A5EA3}.Debug|x86.ActiveCfg = Debug|Win32
		{9D76F7E1-8F8F-4495-9CA0-0577548A5EA3}.Debug|x86.Build.0 = Debug|Win32
		{9D76F7E1-8F8F-4495-9CA0-0577548A5EA3}.Release|x64.ActiveCfg = Release|x64
		{9D76F7E1-8F8F-4495-9CA0-0577548A5EA3}.Release|x64.Build.0 = Release|x64
		{9D76F7E1-8F8F-4495-9CA0-0577548A5EA3}.Release|x86.ActiveCfg = Release|Win32
		{9D76F7E1-8F8F-4495-9CA0-0577548A5EA3}.Release|x86.Build.0 = Release|Win32
		{B1189BA6-8F84-4FBA-ABA1-3391E0A80717}.Debug|x64.ActiveCfg = Debug|x64
		{B1189BA6-8F84-4FBA-ABA1-3391E0A80717}.Debug|x64.Build.0 = Debug|x64
		{B1189BA6-8F84-4FBA-ABA1-3391E0A80717}.Debug|x86.ActiveCfg = Debug|Win32
		{B1189BA6-8F84-4FBA-ABA1-3391E0A80717}.Debug|x86.Build.0 = Debug|Win32
		{B1189BA6-8F84-4FBA-ABA1-3391E0A80717}.Release|x64.ActiveCfg = Release|x64
		{B1189BA6-8F84-4FBA-ABA1-3391E0A80717}.Release|x64.Build.0 = Release|x64
		{B1189BA6-8F84-4FBA-ABA1-3391E0A80717}.Release|x86.ActiveCfg = Release|Win32
		{B1189BA6-8F84-4FBA-ABA1-3391E0A80717}.Release|x86.Build.0 = Release|Win32
		{B0809334-F394-45D5-9FF9-2F82BB453D0A}.Debug|x64.ActiveCfg = Debug|x64
		{B0809334-F394-45D5-9FF9-2F82BB453D0A}.Debug|x64.Build.0 = Debug|x64
		{B0809334-F394-45D5-9FF9-2F82BB453D0A}.Debug|x86.ActiveCfg = Debug|Win32
		{B0809334-F394-45D5-9FF9-2F82BB453D0A}.Debug|x86.Build.0 = Debug|Win32
		{B0809334-F394-45D5-9FF9-2F82BB453D0A}.Release|x64.ActiveCfg = Release|x64
		{B0809334-F394-45D5-9FF9-2F82BB453D0A}.Release|x64.Build.0 = Release|x64
		{B0809334-F394-45D5-9FF9-2F82BB453D0A}.Release|x86.ActiveCfg = Release|Win32
		{B0809334-F394-45D5-9FF9-2F82BB453D0A}.Release|x86.Build.0 = Release|Win32
		{74DD85F8-64C3-419F-9B9F-84FC62EDBBA5}.Debug|x64.ActiveCfg = Debug|x64
		{74DD85F8-64C3-419F-9B9F-84FC62EDBBA5}.Debug|x64.Build.0 = Debug|x64
		{74DD85F8-64C3-419F-9B9F-84FC62EDBBA5}.Debug|x86.ActiveCfg = Debug|Win32
		{74DD85F8-64C3-419F-9B9F-84FC62EDBBA5}.Debug|x86.Build.0 = Debug|Win32
		{74DD85F8-64C3-419F-9B9F-84FC62EDBBA5}.Release|x64.ActiveCfg = Release|x64
		{74DD85F8-64C3-419F-9B9F-84FC62EDBBA5}.Release|x64.Build.0 = Release|x64
		{74DD85F8-64C3-419F-9B9F-84FC62EDBBA5}.Release|x86.ActiveCfg = Release|Win32
		{74DD85F8-64C3-419F-9B9F-84FC62EDBBA5}.Release|x86.Build.0 = Release|Win32
		{AEDAAF92-C798-4EE5-B702-929F9DCB7359}.Debug|x64.ActiveCfg = Debug|x64
		{AEDAAF92-C798-4EE5-B702-929F9DCB7359}.Debug|x64.Build.0 = Debug|x64
		{AEDAAF92-C798-4EE5-B702-929F9DCB7359}.Debug|x86.ActiveCfg = Debug|Win32
		{AEDAAF92-C798-4EE5-B702-929F9DCB7359}.Debug|x86.Build.0 = Debug|Win32
		{AEDAAF92-C798-4EE5-B702-929F9DCB7359}.Release|x64.ActiveCfg = Release|x64
		{AEDAAF92-C798-4EE5-B702-929F9DCB7359}.Release|x64.Build.0 = Release|x64
		{AEDAAF92-C798-4EE5-B702-929F9DCB7359}.Release|x86.ActiveCfg = Release|Win32
		{AEDAAF92-C798-4EE5-B702-929F9DCB7359}.Release|x86.Build.0 = Release|Win32
		{FB6BFF82-CEB8-430E-95C0-AB55D78143CC}.Debug|x64.ActiveCfg = Debug|x64
		{FB6BFF82-CEB8-430E-95C0-AB55D78143CC}.Debug|x64.Build.0 = Debug|x64
		{FB6BFF82-CEB8-430E-95C0-AB55D78143CC}.Debug|x86.ActiveCfg = Debug|Win32
		{FB6BFF82-CEB8-430E-95C0-AB55D78143CC}.Debug|x86.Build.0 = Debug|Win32
		{FB6BFF82-CEB8-430E-95C0-AB55D78143CC}.Release|x64.ActiveCfg = Release|x64
		{FB6BFF82-CEB8-430E-95C0-AB55D78143CC}.Release|x64.Build.0 = Release|x64
		{FB6BFF82-CEB8-430E-95C0-AB55D78143CC}.Release|x86.ActiveCfg = Release|Win32
		{FB6BFF82-CEB8-430E-95C0-AB55D78143CC}.Release|x86.Build.0 = Release|Win32
		{FA213868-85F0-4428-8404-2CA3E65105B7}.Debug|x64.ActiveCfg = Debug|x64
		{FA213868-85F0-4428-8404-2CA3E65105B7}.Debug|x64.Build.0 = Debug|x64
		{FA213868-85F0-4428-8404-2CA3E65105B7}.Debug|x86.ActiveCfg = Debug|Win32
		{FA213868-85F0-4428-8404-2CA3E65105B7}.Debug|x86.Build.0 = Debug|Win32
		{FA213868-85F0-4428-8404-2CA3E65105B7}.Release|x64.ActiveCfg = Release|x64
		{FA213868-85F0-4428-8404-2CA3E65105B7}.Release|x64.Build.0 = Release|x64
		{FA213868-85F0-4428-8404-2CA3E65105B7}.Release|x86.ActiveCfg = Release|Win32
		{FA213868-85F0-4428-8404-2CA3E65105B7}.Release|x86.Build.0 = Release|Win32
	EndGlobalSection
	GlobalSection(SolutionProperties) = preSolution
		HideSolutionNode = FALSE
	EndGlobalSection
	GlobalSection(ExtensibilityGlobals) = postSolution
		SolutionGuid = {4032A511-92D4-44FA-A624-E6F9CD3FFD9A}
	EndGlobalSection
EndGlobal
