
Microsoft Visual Studio Solution File, Format Version 12.00
# Visual Studio Version 17
VisualStudioVersion = 17.0.32126.317
MinimumVisualStudioVersion = 10.0.40219.1
Project("{8BC9CEB8-8B4A-11D0-8D11-00A0C91BC942}") = "14.2_구조체의_기본적인_사용법", "14.2_구조체의_기본적인_사용법\14.2_구조체의_기본적인_사용법.vcxproj", "{0FB24027-EB5F-44DC-8FFF-2A7518781884}"
EndProject
Project("{8BC9CEB8-8B4A-11D0-8D11-00A0C91BC942}") = "14.3_구조체의_메모리_할당", "14.3_구조체의_메모리_할당\14.3_구조체의_메모리_할당.vcxproj", "{C6CCC9E6-4C29-4CD7-8975-355832C5278A}"
EndProject
Project("{8BC9CEB8-8B4A-11D0-8D11-00A0C91BC942}") = "14.4_구조체의_배열_연습문제", "14.4_구조체의_배열_연습문제\14.4_구조체의_배열_연습문제.vcxproj", "{2407CD27-00A2-45AE-8787-59C91011A1FC}"
EndProject
Project("{8BC9CEB8-8B4A-11D0-8D11-00A0C91BC942}") = "14.5_구조체를_다른_구조체의_멤버로_사용하기", "14.5_구조체를_다른_구조체의_멤버로_사용하기\14.5_구조체를_다른_구조체의_멤버로_사용하기.vcxproj", "{D5510EC1-0DBC-4207-93FF-2B64556E4730}"
EndProject
Project("{8BC9CEB8-8B4A-11D0-8D11-00A0C91BC942}") = "14.6_구조체와_포인터", "14.6_구조체와_포인터\14.6_구조체와_포인터.vcxproj", "{B291A7C1-4CE0-4C76-9903-9C19BE85DA97}"
EndProject
Project("{8BC9CEB8-8B4A-11D0-8D11-00A0C91BC942}") = "14.6_구조체와_포인터_ex2", "14.6_구조체와_포인터_ex2\14.6_구조체와_포인터_ex2.vcxproj", "{0821FA8D-281D-4F2E-B8C3-78B845E2BC6E}"
EndProject
Project("{8BC9CEB8-8B4A-11D0-8D11-00A0C91BC942}") = "14.6_구조체와_포인터_ex3", "14.6_구조체와_포인터_ex3\14.6_구조체와_포인터_ex3.vcxproj", "{9077DB71-1A0A-45EB-94A0-2CB9042D5493}"
EndProject
Project("{8BC9CEB8-8B4A-11D0-8D11-00A0C91BC942}") = "14.7_구조체를_함수로_전달하는_방법", "14.7_구조체를_함수로_전달하는_방법\14.7_구조체를_함수로_전달하는_방법.vcxproj", "{9C1681A5-8D7E-4682-AED1-6C2FB42E110A}"
EndProject
Project("{8BC9CEB8-8B4A-11D0-8D11-00A0C91BC942}") = "14.8_구조체와_함수_연습문제1", "14.8_구조체와_함수_연습문제\14.8_구조체와_함수_연습문제.vcxproj", "{32112972-9D0E-46D4-A77F-0307CA317163}"
EndProject
Project("{8BC9CEB8-8B4A-11D0-8D11-00A0C91BC942}") = "14.8_구조체와_함수_연습문제2", "14.8_구조체와_함수_연습문제2\14.8_구조체와_함수_연습문제2.vcxproj", "{4448F494-3AE0-4324-B064-A97A00512846}"
EndProject
Project("{8BC9CEB8-8B4A-11D0-8D11-00A0C91BC942}") = "14.9_구조체와_할당_메모리", "14.9_구조체와_할당_메모리\14.9_구조체와_할당_메모리.vcxproj", "{B6F7B92C-5BA8-4A4A-B493-DEE7BE679324}"
EndProject
Project("{8BC9CEB8-8B4A-11D0-8D11-00A0C91BC942}") = "14.10_복합_리터럴", "14.10_복합_리터럴\14.10_복합_리터럴.vcxproj", "{1F7C255B-FF3A-4E6E-B211-DD2F7A3DF4FD}"
EndProject
Project("{8BC9CEB8-8B4A-11D0-8D11-00A0C91BC942}") = "14.11_신축성있는_배열_멤버", "14.11_신축성있는_배열_멤버\14.11_신축성있는_배열_멤버.vcxproj", "{069E8D96-310A-4CEA-9DD8-ACD9059B64DD}"
EndProject
Project("{8BC9CEB8-8B4A-11D0-8D11-00A0C91BC942}") = "14.12_익명_구조체", "14.12_익명_구조체\14.12_익명_구조체.vcxproj", "{1D1DE68C-1879-41B7-9FD3-5C8FBA81A0FB}"
EndProject
Project("{8BC9CEB8-8B4A-11D0-8D11-00A0C91BC942}") = "14.13_구조체의_배열을_사용하는_함수", "14.13_구조체의_배열을_사용하는_함수\14.13_구조체의_배열을_사용하는_함수.vcxproj", "{0E2EEEF0-A395-4F47-A914-0521FEA2FFB0}"
EndProject
Project("{8BC9CEB8-8B4A-11D0-8D11-00A0C91BC942}") = "14.14_구조체_파일_입출력_연습문제", "14.14_구조체_파일_입출력_연습문데\14.14_구조체_파일_입출력_연습문데.vcxproj", "{FF301C87-1CB3-454D-9979-034F257BE704}"
EndProject
Project("{8BC9CEB8-8B4A-11D0-8D11-00A0C91BC942}") = "14.14_구조체_파일_입출력_연습문제(binary)", "14.14_구조체_파일_입출력_연습문제(binary)\14.14_구조체_파일_입출력_연습문제(binary).vcxproj", "{0B5D8B97-4882-4CEF-9286-87B3A44A1CD9}"
EndProject
Project("{8BC9CEB8-8B4A-11D0-8D11-00A0C91BC942}") = "14.15_공용체(Union)의_원리", "14.15_공용체의_원리\14.15_공용체의_원리.vcxproj", "{E836CA41-B6A4-4970-9DBE-4C7F7C7DBAA5}"
EndProject
Project("{8BC9CEB8-8B4A-11D0-8D11-00A0C91BC942}") = "14.16_공용체와_구조체를_함께_사용하기", "14.16_공용체와_구조체를_함께_사용하기\14.16_공용체와_구조체를_함께_사용하기.vcxproj", "{3958BAB6-AB03-49AD-A6B4-D54D2291561E}"
EndProject
Project("{8BC9CEB8-8B4A-11D0-8D11-00A0C91BC942}") = "14.17_익명_공용체(AnonymousUnions)", "14.17_익명_공용체\14.17_익명_공용체.vcxproj", "{28CC858D-A1C2-45B9-A51C-744222B4E9A1}"
EndProject
Project("{8BC9CEB8-8B4A-11D0-8D11-00A0C91BC942}") = "14.18_열거형", "14.18_열거형\14.18_열거형.vcxproj", "{D3AB186C-855F-46FB-96A3-E82381D5E44B}"
EndProject
Project("{8BC9CEB8-8B4A-11D0-8D11-00A0C91BC942}") = "14.19_열거형_연습문제", "14.19_열거형_연습문제\14.19_열거형_연습문제.vcxproj", "{FC3BCAF4-7D3C-415E-9968-EE4B536BE6AF}"
EndProject
Project("{8BC9CEB8-8B4A-11D0-8D11-00A0C91BC942}") = "14.20_이름공간(Name_space)_공유하기", "14.20_이름공간_공유하기\14.20_이름공간_공유하기.vcxproj", "{3064D4B5-CF64-4A3B-ADEA-1E708232A36E}"
EndProject
Project("{8BC9CEB8-8B4A-11D0-8D11-00A0C91BC942}") = "14.21_함수_포인터의_원리", "14.21_함수_포인터의_원리\14.21_함수_포인터의_원리.vcxproj", "{EFF9EAC9-B0AE-486A-B68D-B5B3CB797B32}"
EndProject
Project("{8BC9CEB8-8B4A-11D0-8D11-00A0C91BC942}") = "14.22_함수_포인터의_사용_방법", "14.22_함수_포인터의_사용_방법\14.22_함수_포인터의_사용_방법.vcxproj", "{78821A08-2017-4EC0-96D8-B2D57F2D7E34}"
EndProject
Project("{8BC9CEB8-8B4A-11D0-8D11-00A0C91BC942}") = "14.23_자료형에게_별명을_붙여주는_typedef", "14.23_자료형에게_별명을_붙여주는_typedef\14.23_자료형에게_별명을_붙여주는_typedef.vcxproj", "{7E76315E-8B24-4CD5-9956-F8FF3F514DDC}"
EndProject
Project("{8BC9CEB8-8B4A-11D0-8D11-00A0C91BC942}") = "14.24_복잡한_선언을_해석하는_요령", "14.24_복잡한_선언을_해석하는_요령\14.24_복잡한_선언을_해석하는_요령.vcxproj", "{82561C81-69FC-4B64-93B2-744C57E8F5AE}"
EndProject
Project("{8BC9CEB8-8B4A-11D0-8D11-00A0C91BC942}") = "14.25_qsort_함수_포인터_연습문제", "14.25_qsort_함수_포인터_연습문제\14.25_qsort_함수_포인터_연습문제.vcxproj", "{676BAE1E-4011-4FF5-A376-651A41F111F2}"
EndProject
Project("{8BC9CEB8-8B4A-11D0-8D11-00A0C91BC942}") = "14.25_qsort_함수_포인터_연습문제_B", "14.25_qsort_함수_포인터_연습문제_B\14.25_qsort_함수_포인터_연습문제_B.vcxproj", "{DCDD1A4A-1330-47BC-A36B-41B67513422A}"
EndProject
Project("{8BC9CEB8-8B4A-11D0-8D11-00A0C91BC942}") = "14.26_함수_포인터의_배열_연습문제", "14.26_함수_포인터의_배열_연습문제\14.26_함수_포인터의_배열_연습문제.vcxproj", "{4C600A79-1243-463F-BF89-2D4A578A7838}"
EndProject
Global
	GlobalSection(SolutionConfigurationPlatforms) = preSolution
		Debug|x64 = Debug|x64
		Debug|x86 = Debug|x86
		Release|x64 = Release|x64
		Release|x86 = Release|x86
	EndGlobalSection
	GlobalSection(ProjectConfigurationPlatforms) = postSolution
		{0FB24027-EB5F-44DC-8FFF-2A7518781884}.Debug|x64.ActiveCfg = Debug|x64
		{0FB24027-EB5F-44DC-8FFF-2A7518781884}.Debug|x64.Build.0 = Debug|x64
		{0FB24027-EB5F-44DC-8FFF-2A7518781884}.Debug|x86.ActiveCfg = Debug|Win32
		{0FB24027-EB5F-44DC-8FFF-2A7518781884}.Debug|x86.Build.0 = Debug|Win32
		{0FB24027-EB5F-44DC-8FFF-2A7518781884}.Release|x64.ActiveCfg = Release|x64
		{0FB24027-EB5F-44DC-8FFF-2A7518781884}.Release|x64.Build.0 = Release|x64
		{0FB24027-EB5F-44DC-8FFF-2A7518781884}.Release|x86.ActiveCfg = Release|Win32
		{0FB24027-EB5F-44DC-8FFF-2A7518781884}.Release|x86.Build.0 = Release|Win32
		{C6CCC9E6-4C29-4CD7-8975-355832C5278A}.Debug|x64.ActiveCfg = Debug|x64
		{C6CCC9E6-4C29-4CD7-8975-355832C5278A}.Debug|x64.Build.0 = Debug|x64
		{C6CCC9E6-4C29-4CD7-8975-355832C5278A}.Debug|x86.ActiveCfg = Debug|Win32
		{C6CCC9E6-4C29-4CD7-8975-355832C5278A}.Debug|x86.Build.0 = Debug|Win32
		{C6CCC9E6-4C29-4CD7-8975-355832C5278A}.Release|x64.ActiveCfg = Release|x64
		{C6CCC9E6-4C29-4CD7-8975-355832C5278A}.Release|x64.Build.0 = Release|x64
		{C6CCC9E6-4C29-4CD7-8975-355832C5278A}.Release|x86.ActiveCfg = Release|Win32
		{C6CCC9E6-4C29-4CD7-8975-355832C5278A}.Release|x86.Build.0 = Release|Win32
		{2407CD27-00A2-45AE-8787-59C91011A1FC}.Debug|x64.ActiveCfg = Debug|x64
		{2407CD27-00A2-45AE-8787-59C91011A1FC}.Debug|x64.Build.0 = Debug|x64
		{2407CD27-00A2-45AE-8787-59C91011A1FC}.Debug|x86.ActiveCfg = Debug|Win32
		{2407CD27-00A2-45AE-8787-59C91011A1FC}.Debug|x86.Build.0 = Debug|Win32
		{2407CD27-00A2-45AE-8787-59C91011A1FC}.Release|x64.ActiveCfg = Release|x64
		{2407CD27-00A2-45AE-8787-59C91011A1FC}.Release|x64.Build.0 = Release|x64
		{2407CD27-00A2-45AE-8787-59C91011A1FC}.Release|x86.ActiveCfg = Release|Win32
		{2407CD27-00A2-45AE-8787-59C91011A1FC}.Release|x86.Build.0 = Release|Win32
		{D5510EC1-0DBC-4207-93FF-2B64556E4730}.Debug|x64.ActiveCfg = Debug|x64
		{D5510EC1-0DBC-4207-93FF-2B64556E4730}.Debug|x64.Build.0 = Debug|x64
		{D5510EC1-0DBC-4207-93FF-2B64556E4730}.Debug|x86.ActiveCfg = Debug|Win32
		{D5510EC1-0DBC-4207-93FF-2B64556E4730}.Debug|x86.Build.0 = Debug|Win32
		{D5510EC1-0DBC-4207-93FF-2B64556E4730}.Release|x64.ActiveCfg = Release|x64
		{D5510EC1-0DBC-4207-93FF-2B64556E4730}.Release|x64.Build.0 = Release|x64
		{D5510EC1-0DBC-4207-93FF-2B64556E4730}.Release|x86.ActiveCfg = Release|Win32
		{D5510EC1-0DBC-4207-93FF-2B64556E4730}.Release|x86.Build.0 = Release|Win32
		{B291A7C1-4CE0-4C76-9903-9C19BE85DA97}.Debug|x64.ActiveCfg = Debug|x64
		{B291A7C1-4CE0-4C76-9903-9C19BE85DA97}.Debug|x64.Build.0 = Debug|x64
		{B291A7C1-4CE0-4C76-9903-9C19BE85DA97}.Debug|x86.ActiveCfg = Debug|Win32
		{B291A7C1-4CE0-4C76-9903-9C19BE85DA97}.Debug|x86.Build.0 = Debug|Win32
		{B291A7C1-4CE0-4C76-9903-9C19BE85DA97}.Release|x64.ActiveCfg = Release|x64
		{B291A7C1-4CE0-4C76-9903-9C19BE85DA97}.Release|x64.Build.0 = Release|x64
		{B291A7C1-4CE0-4C76-9903-9C19BE85DA97}.Release|x86.ActiveCfg = Release|Win32
		{B291A7C1-4CE0-4C76-9903-9C19BE85DA97}.Release|x86.Build.0 = Release|Win32
		{0821FA8D-281D-4F2E-B8C3-78B845E2BC6E}.Debug|x64.ActiveCfg = Debug|x64
		{0821FA8D-281D-4F2E-B8C3-78B845E2BC6E}.Debug|x64.Build.0 = Debug|x64
		{0821FA8D-281D-4F2E-B8C3-78B845E2BC6E}.Debug|x86.ActiveCfg = Debug|Win32
		{0821FA8D-281D-4F2E-B8C3-78B845E2BC6E}.Debug|x86.Build.0 = Debug|Win32
		{0821FA8D-281D-4F2E-B8C3-78B845E2BC6E}.Release|x64.ActiveCfg = Release|x64
		{0821FA8D-281D-4F2E-B8C3-78B845E2BC6E}.Release|x64.Build.0 = Release|x64
		{0821FA8D-281D-4F2E-B8C3-78B845E2BC6E}.Release|x86.ActiveCfg = Release|Win32
		{0821FA8D-281D-4F2E-B8C3-78B845E2BC6E}.Release|x86.Build.0 = Release|Win32
		{9077DB71-1A0A-45EB-94A0-2CB9042D5493}.Debug|x64.ActiveCfg = Debug|x64
		{9077DB71-1A0A-45EB-94A0-2CB9042D5493}.Debug|x64.Build.0 = Debug|x64
		{9077DB71-1A0A-45EB-94A0-2CB9042D5493}.Debug|x86.ActiveCfg = Debug|Win32
		{9077DB71-1A0A-45EB-94A0-2CB9042D5493}.Debug|x86.Build.0 = Debug|Win32
		{9077DB71-1A0A-45EB-94A0-2CB9042D5493}.Release|x64.ActiveCfg = Release|x64
		{9077DB71-1A0A-45EB-94A0-2CB9042D5493}.Release|x64.Build.0 = Release|x64
		{9077DB71-1A0A-45EB-94A0-2CB9042D5493}.Release|x86.ActiveCfg = Release|Win32
		{9077DB71-1A0A-45EB-94A0-2CB9042D5493}.Release|x86.Build.0 = Release|Win32
		{9C1681A5-8D7E-4682-AED1-6C2FB42E110A}.Debug|x64.ActiveCfg = Debug|x64
		{9C1681A5-8D7E-4682-AED1-6C2FB42E110A}.Debug|x64.Build.0 = Debug|x64
		{9C1681A5-8D7E-4682-AED1-6C2FB42E110A}.Debug|x86.ActiveCfg = Debug|Win32
		{9C1681A5-8D7E-4682-AED1-6C2FB42E110A}.Debug|x86.Build.0 = Debug|Win32
		{9C1681A5-8D7E-4682-AED1-6C2FB42E110A}.Release|x64.ActiveCfg = Release|x64
		{9C1681A5-8D7E-4682-AED1-6C2FB42E110A}.Release|x64.Build.0 = Release|x64
		{9C1681A5-8D7E-4682-AED1-6C2FB42E110A}.Release|x86.ActiveCfg = Release|Win32
		{9C1681A5-8D7E-4682-AED1-6C2FB42E110A}.Release|x86.Build.0 = Release|Win32
		{32112972-9D0E-46D4-A77F-0307CA317163}.Debug|x64.ActiveCfg = Debug|x64
		{32112972-9D0E-46D4-A77F-0307CA317163}.Debug|x64.Build.0 = Debug|x64
		{32112972-9D0E-46D4-A77F-0307CA317163}.Debug|x86.ActiveCfg = Debug|Win32
		{32112972-9D0E-46D4-A77F-0307CA317163}.Debug|x86.Build.0 = Debug|Win32
		{32112972-9D0E-46D4-A77F-0307CA317163}.Release|x64.ActiveCfg = Release|x64
		{32112972-9D0E-46D4-A77F-0307CA317163}.Release|x64.Build.0 = Release|x64
		{32112972-9D0E-46D4-A77F-0307CA317163}.Release|x86.ActiveCfg = Release|Win32
		{32112972-9D0E-46D4-A77F-0307CA317163}.Release|x86.Build.0 = Release|Win32
		{4448F494-3AE0-4324-B064-A97A00512846}.Debug|x64.ActiveCfg = Debug|x64
		{4448F494-3AE0-4324-B064-A97A00512846}.Debug|x64.Build.0 = Debug|x64
		{4448F494-3AE0-4324-B064-A97A00512846}.Debug|x86.ActiveCfg = Debug|Win32
		{4448F494-3AE0-4324-B064-A97A00512846}.Debug|x86.Build.0 = Debug|Win32
		{4448F494-3AE0-4324-B064-A97A00512846}.Release|x64.ActiveCfg = Release|x64
		{4448F494-3AE0-4324-B064-A97A00512846}.Release|x64.Build.0 = Release|x64
		{4448F494-3AE0-4324-B064-A97A00512846}.Release|x86.ActiveCfg = Release|Win32
		{4448F494-3AE0-4324-B064-A97A00512846}.Release|x86.Build.0 = Release|Win32
		{B6F7B92C-5BA8-4A4A-B493-DEE7BE679324}.Debug|x64.ActiveCfg = Debug|x64
		{B6F7B92C-5BA8-4A4A-B493-DEE7BE679324}.Debug|x64.Build.0 = Debug|x64
		{B6F7B92C-5BA8-4A4A-B493-DEE7BE679324}.Debug|x86.ActiveCfg = Debug|Win32
		{B6F7B92C-5BA8-4A4A-B493-DEE7BE679324}.Debug|x86.Build.0 = Debug|Win32
		{B6F7B92C-5BA8-4A4A-B493-DEE7BE679324}.Release|x64.ActiveCfg = Release|x64
		{B6F7B92C-5BA8-4A4A-B493-DEE7BE679324}.Release|x64.Build.0 = Release|x64
		{B6F7B92C-5BA8-4A4A-B493-DEE7BE679324}.Release|x86.ActiveCfg = Release|Win32
		{B6F7B92C-5BA8-4A4A-B493-DEE7BE679324}.Release|x86.Build.0 = Release|Win32
		{1F7C255B-FF3A-4E6E-B211-DD2F7A3DF4FD}.Debug|x64.ActiveCfg = Debug|x64
		{1F7C255B-FF3A-4E6E-B211-DD2F7A3DF4FD}.Debug|x64.Build.0 = Debug|x64
		{1F7C255B-FF3A-4E6E-B211-DD2F7A3DF4FD}.Debug|x86.ActiveCfg = Debug|Win32
		{1F7C255B-FF3A-4E6E-B211-DD2F7A3DF4FD}.Debug|x86.Build.0 = Debug|Win32
		{1F7C255B-FF3A-4E6E-B211-DD2F7A3DF4FD}.Release|x64.ActiveCfg = Release|x64
		{1F7C255B-FF3A-4E6E-B211-DD2F7A3DF4FD}.Release|x64.Build.0 = Release|x64
		{1F7C255B-FF3A-4E6E-B211-DD2F7A3DF4FD}.Release|x86.ActiveCfg = Release|Win32
		{1F7C255B-FF3A-4E6E-B211-DD2F7A3DF4FD}.Release|x86.Build.0 = Release|Win32
		{069E8D96-310A-4CEA-9DD8-ACD9059B64DD}.Debug|x64.ActiveCfg = Debug|x64
		{069E8D96-310A-4CEA-9DD8-ACD9059B64DD}.Debug|x64.Build.0 = Debug|x64
		{069E8D96-310A-4CEA-9DD8-ACD9059B64DD}.Debug|x86.ActiveCfg = Debug|Win32
		{069E8D96-310A-4CEA-9DD8-ACD9059B64DD}.Debug|x86.Build.0 = Debug|Win32
		{069E8D96-310A-4CEA-9DD8-ACD9059B64DD}.Release|x64.ActiveCfg = Release|x64
		{069E8D96-310A-4CEA-9DD8-ACD9059B64DD}.Release|x64.Build.0 = Release|x64
		{069E8D96-310A-4CEA-9DD8-ACD9059B64DD}.Release|x86.ActiveCfg = Release|Win32
		{069E8D96-310A-4CEA-9DD8-ACD9059B64DD}.Release|x86.Build.0 = Release|Win32
		{1D1DE68C-1879-41B7-9FD3-5C8FBA81A0FB}.Debug|x64.ActiveCfg = Debug|x64
		{1D1DE68C-1879-41B7-9FD3-5C8FBA81A0FB}.Debug|x64.Build.0 = Debug|x64
		{1D1DE68C-1879-41B7-9FD3-5C8FBA81A0FB}.Debug|x86.ActiveCfg = Debug|Win32
		{1D1DE68C-1879-41B7-9FD3-5C8FBA81A0FB}.Debug|x86.Build.0 = Debug|Win32
		{1D1DE68C-1879-41B7-9FD3-5C8FBA81A0FB}.Release|x64.ActiveCfg = Release|x64
		{1D1DE68C-1879-41B7-9FD3-5C8FBA81A0FB}.Release|x64.Build.0 = Release|x64
		{1D1DE68C-1879-41B7-9FD3-5C8FBA81A0FB}.Release|x86.ActiveCfg = Release|Win32
		{1D1DE68C-1879-41B7-9FD3-5C8FBA81A0FB}.Release|x86.Build.0 = Release|Win32
		{0E2EEEF0-A395-4F47-A914-0521FEA2FFB0}.Debug|x64.ActiveCfg = Debug|x64
		{0E2EEEF0-A395-4F47-A914-0521FEA2FFB0}.Debug|x64.Build.0 = Debug|x64
		{0E2EEEF0-A395-4F47-A914-0521FEA2FFB0}.Debug|x86.ActiveCfg = Debug|Win32
		{0E2EEEF0-A395-4F47-A914-0521FEA2FFB0}.Debug|x86.Build.0 = Debug|Win32
		{0E2EEEF0-A395-4F47-A914-0521FEA2FFB0}.Release|x64.ActiveCfg = Release|x64
		{0E2EEEF0-A395-4F47-A914-0521FEA2FFB0}.Release|x64.Build.0 = Release|x64
		{0E2EEEF0-A395-4F47-A914-0521FEA2FFB0}.Release|x86.ActiveCfg = Release|Win32
		{0E2EEEF0-A395-4F47-A914-0521FEA2FFB0}.Release|x86.Build.0 = Release|Win32
		{FF301C87-1CB3-454D-9979-034F257BE704}.Debug|x64.ActiveCfg = Debug|x64
		{FF301C87-1CB3-454D-9979-034F257BE704}.Debug|x64.Build.0 = Debug|x64
		{FF301C87-1CB3-454D-9979-034F257BE704}.Debug|x86.ActiveCfg = Debug|Win32
		{FF301C87-1CB3-454D-9979-034F257BE704}.Debug|x86.Build.0 = Debug|Win32
		{FF301C87-1CB3-454D-9979-034F257BE704}.Release|x64.ActiveCfg = Release|x64
		{FF301C87-1CB3-454D-9979-034F257BE704}.Release|x64.Build.0 = Release|x64
		{FF301C87-1CB3-454D-9979-034F257BE704}.Release|x86.ActiveCfg = Release|Win32
		{FF301C87-1CB3-454D-9979-034F257BE704}.Release|x86.Build.0 = Release|Win32
		{0B5D8B97-4882-4CEF-9286-87B3A44A1CD9}.Debug|x64.ActiveCfg = Debug|x64
		{0B5D8B97-4882-4CEF-9286-87B3A44A1CD9}.Debug|x64.Build.0 = Debug|x64
		{0B5D8B97-4882-4CEF-9286-87B3A44A1CD9}.Debug|x86.ActiveCfg = Debug|Win32
		{0B5D8B97-4882-4CEF-9286-87B3A44A1CD9}.Debug|x86.Build.0 = Debug|Win32
		{0B5D8B97-4882-4CEF-9286-87B3A44A1CD9}.Release|x64.ActiveCfg = Release|x64
		{0B5D8B97-4882-4CEF-9286-87B3A44A1CD9}.Release|x64.Build.0 = Release|x64
		{0B5D8B97-4882-4CEF-9286-87B3A44A1CD9}.Release|x86.ActiveCfg = Release|Win32
		{0B5D8B97-4882-4CEF-9286-87B3A44A1CD9}.Release|x86.Build.0 = Release|Win32
		{E836CA41-B6A4-4970-9DBE-4C7F7C7DBAA5}.Debug|x64.ActiveCfg = Debug|x64
		{E836CA41-B6A4-4970-9DBE-4C7F7C7DBAA5}.Debug|x64.Build.0 = Debug|x64
		{E836CA41-B6A4-4970-9DBE-4C7F7C7DBAA5}.Debug|x86.ActiveCfg = Debug|Win32
		{E836CA41-B6A4-4970-9DBE-4C7F7C7DBAA5}.Debug|x86.Build.0 = Debug|Win32
		{E836CA41-B6A4-4970-9DBE-4C7F7C7DBAA5}.Release|x64.ActiveCfg = Release|x64
		{E836CA41-B6A4-4970-9DBE-4C7F7C7DBAA5}.Release|x64.Build.0 = Release|x64
		{E836CA41-B6A4-4970-9DBE-4C7F7C7DBAA5}.Release|x86.ActiveCfg = Release|Win32
		{E836CA41-B6A4-4970-9DBE-4C7F7C7DBAA5}.Release|x86.Build.0 = Release|Win32
		{3958BAB6-AB03-49AD-A6B4-D54D2291561E}.Debug|x64.ActiveCfg = Debug|x64
		{3958BAB6-AB03-49AD-A6B4-D54D2291561E}.Debug|x64.Build.0 = Debug|x64
		{3958BAB6-AB03-49AD-A6B4-D54D2291561E}.Debug|x86.ActiveCfg = Debug|Win32
		{3958BAB6-AB03-49AD-A6B4-D54D2291561E}.Debug|x86.Build.0 = Debug|Win32
		{3958BAB6-AB03-49AD-A6B4-D54D2291561E}.Release|x64.ActiveCfg = Release|x64
		{3958BAB6-AB03-49AD-A6B4-D54D2291561E}.Release|x64.Build.0 = Release|x64
		{3958BAB6-AB03-49AD-A6B4-D54D2291561E}.Release|x86.ActiveCfg = Release|Win32
		{3958BAB6-AB03-49AD-A6B4-D54D2291561E}.Release|x86.Build.0 = Release|Win32
		{28CC858D-A1C2-45B9-A51C-744222B4E9A1}.Debug|x64.ActiveCfg = Debug|x64
		{28CC858D-A1C2-45B9-A51C-744222B4E9A1}.Debug|x64.Build.0 = Debug|x64
		{28CC858D-A1C2-45B9-A51C-744222B4E9A1}.Debug|x86.ActiveCfg = Debug|Win32
		{28CC858D-A1C2-45B9-A51C-744222B4E9A1}.Debug|x86.Build.0 = Debug|Win32
		{28CC858D-A1C2-45B9-A51C-744222B4E9A1}.Release|x64.ActiveCfg = Release|x64
		{28CC858D-A1C2-45B9-A51C-744222B4E9A1}.Release|x64.Build.0 = Release|x64
		{28CC858D-A1C2-45B9-A51C-744222B4E9A1}.Release|x86.ActiveCfg = Release|Win32
		{28CC858D-A1C2-45B9-A51C-744222B4E9A1}.Release|x86.Build.0 = Release|Win32
		{D3AB186C-855F-46FB-96A3-E82381D5E44B}.Debug|x64.ActiveCfg = Debug|x64
		{D3AB186C-855F-46FB-96A3-E82381D5E44B}.Debug|x64.Build.0 = Debug|x64
		{D3AB186C-855F-46FB-96A3-E82381D5E44B}.Debug|x86.ActiveCfg = Debug|Win32
		{D3AB186C-855F-46FB-96A3-E82381D5E44B}.Debug|x86.Build.0 = Debug|Win32
		{D3AB186C-855F-46FB-96A3-E82381D5E44B}.Release|x64.ActiveCfg = Release|x64
		{D3AB186C-855F-46FB-96A3-E82381D5E44B}.Release|x64.Build.0 = Release|x64
		{D3AB186C-855F-46FB-96A3-E82381D5E44B}.Release|x86.ActiveCfg = Release|Win32
		{D3AB186C-855F-46FB-96A3-E82381D5E44B}.Release|x86.Build.0 = Release|Win32
		{FC3BCAF4-7D3C-415E-9968-EE4B536BE6AF}.Debug|x64.ActiveCfg = Debug|x64
		{FC3BCAF4-7D3C-415E-9968-EE4B536BE6AF}.Debug|x64.Build.0 = Debug|x64
		{FC3BCAF4-7D3C-415E-9968-EE4B536BE6AF}.Debug|x86.ActiveCfg = Debug|Win32
		{FC3BCAF4-7D3C-415E-9968-EE4B536BE6AF}.Debug|x86.Build.0 = Debug|Win32
		{FC3BCAF4-7D3C-415E-9968-EE4B536BE6AF}.Release|x64.ActiveCfg = Release|x64
		{FC3BCAF4-7D3C-415E-9968-EE4B536BE6AF}.Release|x64.Build.0 = Release|x64
		{FC3BCAF4-7D3C-415E-9968-EE4B536BE6AF}.Release|x86.ActiveCfg = Release|Win32
		{FC3BCAF4-7D3C-415E-9968-EE4B536BE6AF}.Release|x86.Build.0 = Release|Win32
		{3064D4B5-CF64-4A3B-ADEA-1E708232A36E}.Debug|x64.ActiveCfg = Debug|x64
		{3064D4B5-CF64-4A3B-ADEA-1E708232A36E}.Debug|x64.Build.0 = Debug|x64
		{3064D4B5-CF64-4A3B-ADEA-1E708232A36E}.Debug|x86.ActiveCfg = Debug|Win32
		{3064D4B5-CF64-4A3B-ADEA-1E708232A36E}.Debug|x86.Build.0 = Debug|Win32
		{3064D4B5-CF64-4A3B-ADEA-1E708232A36E}.Release|x64.ActiveCfg = Release|x64
		{3064D4B5-CF64-4A3B-ADEA-1E708232A36E}.Release|x64.Build.0 = Release|x64
		{3064D4B5-CF64-4A3B-ADEA-1E708232A36E}.Release|x86.ActiveCfg = Release|Win32
		{3064D4B5-CF64-4A3B-ADEA-1E708232A36E}.Release|x86.Build.0 = Release|Win32
		{EFF9EAC9-B0AE-486A-B68D-B5B3CB797B32}.Debug|x64.ActiveCfg = Debug|x64
		{EFF9EAC9-B0AE-486A-B68D-B5B3CB797B32}.Debug|x64.Build.0 = Debug|x64
		{EFF9EAC9-B0AE-486A-B68D-B5B3CB797B32}.Debug|x86.ActiveCfg = Debug|Win32
		{EFF9EAC9-B0AE-486A-B68D-B5B3CB797B32}.Debug|x86.Build.0 = Debug|Win32
		{EFF9EAC9-B0AE-486A-B68D-B5B3CB797B32}.Release|x64.ActiveCfg = Release|x64
		{EFF9EAC9-B0AE-486A-B68D-B5B3CB797B32}.Release|x64.Build.0 = Release|x64
		{EFF9EAC9-B0AE-486A-B68D-B5B3CB797B32}.Release|x86.ActiveCfg = Release|Win32
		{EFF9EAC9-B0AE-486A-B68D-B5B3CB797B32}.Release|x86.Build.0 = Release|Win32
		{78821A08-2017-4EC0-96D8-B2D57F2D7E34}.Debug|x64.ActiveCfg = Debug|x64
		{78821A08-2017-4EC0-96D8-B2D57F2D7E34}.Debug|x64.Build.0 = Debug|x64
		{78821A08-2017-4EC0-96D8-B2D57F2D7E34}.Debug|x86.ActiveCfg = Debug|Win32
		{78821A08-2017-4EC0-96D8-B2D57F2D7E34}.Debug|x86.Build.0 = Debug|Win32
		{78821A08-2017-4EC0-96D8-B2D57F2D7E34}.Release|x64.ActiveCfg = Release|x64
		{78821A08-2017-4EC0-96D8-B2D57F2D7E34}.Release|x64.Build.0 = Release|x64
		{78821A08-2017-4EC0-96D8-B2D57F2D7E34}.Release|x86.ActiveCfg = Release|Win32
		{78821A08-2017-4EC0-96D8-B2D57F2D7E34}.Release|x86.Build.0 = Release|Win32
		{7E76315E-8B24-4CD5-9956-F8FF3F514DDC}.Debug|x64.ActiveCfg = Debug|x64
		{7E76315E-8B24-4CD5-9956-F8FF3F514DDC}.Debug|x64.Build.0 = Debug|x64
		{7E76315E-8B24-4CD5-9956-F8FF3F514DDC}.Debug|x86.ActiveCfg = Debug|Win32
		{7E76315E-8B24-4CD5-9956-F8FF3F514DDC}.Debug|x86.Build.0 = Debug|Win32
		{7E76315E-8B24-4CD5-9956-F8FF3F514DDC}.Release|x64.ActiveCfg = Release|x64
		{7E76315E-8B24-4CD5-9956-F8FF3F514DDC}.Release|x64.Build.0 = Release|x64
		{7E76315E-8B24-4CD5-9956-F8FF3F514DDC}.Release|x86.ActiveCfg = Release|Win32
		{7E76315E-8B24-4CD5-9956-F8FF3F514DDC}.Release|x86.Build.0 = Release|Win32
		{82561C81-69FC-4B64-93B2-744C57E8F5AE}.Debug|x64.ActiveCfg = Debug|x64
		{82561C81-69FC-4B64-93B2-744C57E8F5AE}.Debug|x64.Build.0 = Debug|x64
		{82561C81-69FC-4B64-93B2-744C57E8F5AE}.Debug|x86.ActiveCfg = Debug|Win32
		{82561C81-69FC-4B64-93B2-744C57E8F5AE}.Debug|x86.Build.0 = Debug|Win32
		{82561C81-69FC-4B64-93B2-744C57E8F5AE}.Release|x64.ActiveCfg = Release|x64
		{82561C81-69FC-4B64-93B2-744C57E8F5AE}.Release|x64.Build.0 = Release|x64
		{82561C81-69FC-4B64-93B2-744C57E8F5AE}.Release|x86.ActiveCfg = Release|Win32
		{82561C81-69FC-4B64-93B2-744C57E8F5AE}.Release|x86.Build.0 = Release|Win32
		{676BAE1E-4011-4FF5-A376-651A41F111F2}.Debug|x64.ActiveCfg = Debug|x64
		{676BAE1E-4011-4FF5-A376-651A41F111F2}.Debug|x64.Build.0 = Debug|x64
		{676BAE1E-4011-4FF5-A376-651A41F111F2}.Debug|x86.ActiveCfg = Debug|Win32
		{676BAE1E-4011-4FF5-A376-651A41F111F2}.Debug|x86.Build.0 = Debug|Win32
		{676BAE1E-4011-4FF5-A376-651A41F111F2}.Release|x64.ActiveCfg = Release|x64
		{676BAE1E-4011-4FF5-A376-651A41F111F2}.Release|x64.Build.0 = Release|x64
		{676BAE1E-4011-4FF5-A376-651A41F111F2}.Release|x86.ActiveCfg = Release|Win32
		{676BAE1E-4011-4FF5-A376-651A41F111F2}.Release|x86.Build.0 = Release|Win32
		{DCDD1A4A-1330-47BC-A36B-41B67513422A}.Debug|x64.ActiveCfg = Debug|x64
		{DCDD1A4A-1330-47BC-A36B-41B67513422A}.Debug|x64.Build.0 = Debug|x64
		{DCDD1A4A-1330-47BC-A36B-41B67513422A}.Debug|x86.ActiveCfg = Debug|Win32
		{DCDD1A4A-1330-47BC-A36B-41B67513422A}.Debug|x86.Build.0 = Debug|Win32
		{DCDD1A4A-1330-47BC-A36B-41B67513422A}.Release|x64.ActiveCfg = Release|x64
		{DCDD1A4A-1330-47BC-A36B-41B67513422A}.Release|x64.Build.0 = Release|x64
		{DCDD1A4A-1330-47BC-A36B-41B67513422A}.Release|x86.ActiveCfg = Release|Win32
		{DCDD1A4A-1330-47BC-A36B-41B67513422A}.Release|x86.Build.0 = Release|Win32
		{4C600A79-1243-463F-BF89-2D4A578A7838}.Debug|x64.ActiveCfg = Debug|x64
		{4C600A79-1243-463F-BF89-2D4A578A7838}.Debug|x64.Build.0 = Debug|x64
		{4C600A79-1243-463F-BF89-2D4A578A7838}.Debug|x86.ActiveCfg = Debug|Win32
		{4C600A79-1243-463F-BF89-2D4A578A7838}.Debug|x86.Build.0 = Debug|Win32
		{4C600A79-1243-463F-BF89-2D4A578A7838}.Release|x64.ActiveCfg = Release|x64
		{4C600A79-1243-463F-BF89-2D4A578A7838}.Release|x64.Build.0 = Release|x64
		{4C600A79-1243-463F-BF89-2D4A578A7838}.Release|x86.ActiveCfg = Release|Win32
		{4C600A79-1243-463F-BF89-2D4A578A7838}.Release|x86.Build.0 = Release|Win32
	EndGlobalSection
	GlobalSection(SolutionProperties) = preSolution
		HideSolutionNode = FALSE
	EndGlobalSection
	GlobalSection(ExtensibilityGlobals) = postSolution
		SolutionGuid = {A06ADAEC-ED2A-4D53-AB0F-C4BFE12A4853}
	EndGlobalSection
EndGlobal
