
Microsoft Visual Studio Solution File, Format Version 12.00
# Visual Studio Version 17
VisualStudioVersion = 17.0.32112.339
MinimumVisualStudioVersion = 10.0.40219.1
Project("{8BC9CEB8-8B4A-11D0-8D11-00A0C91BC942}") = "5.1_반복_루프와의_첫_만남", "5.1_반복_루프와의_첫_만남\5.1_반복_루프와의_첫_만남.vcxproj", "{34B9089B-9A96-4C19-9572-9DEE2C2661FC}"
EndProject
Project("{8BC9CEB8-8B4A-11D0-8D11-00A0C91BC942}") = "5.2_대입_연산자와_몇_가지_용어들", "5.2_대입_연산자와_몇_가지_용어들\5.2_대입_연산자와_몇_가지_용어들.vcxproj", "{2C3B3059-59B3-4BD6-BE67-656964053DC8}"
EndProject
Project("{8BC9CEB8-8B4A-11D0-8D11-00A0C91BC942}") = "5.3_더하기,빼기,부호_연산자들", "5.3_더하기,빼기,부호_연산자들\5.3_더하기,빼기,부호_연산자들.vcxproj", "{FB9EBEF4-2B44-450C-ADF4-3587F3EDC0B6}"
EndProject
Project("{8BC9CEB8-8B4A-11D0-8D11-00A0C91BC942}") = "5.4_곱하기_연산자", "5.4_곱하기_연산자\5.4_곱하기_연산자.vcxproj", "{7BC21794-BF9B-4C4A-BED4-8DAC8DBE8B8D}"
EndProject
Project("{8BC9CEB8-8B4A-11D0-8D11-00A0C91BC942}") = "5.5_나누기_연산자", "5.5_나누기_연산자\5.5_나누기_연산자.vcxproj", "{928EB23B-380C-4390-AC96-9A986F54FFEA}"
EndProject
Project("{8BC9CEB8-8B4A-11D0-8D11-00A0C91BC942}") = "5.7_나머지_연산자", "5.6_연산자_우선순위와_표현식_트리\5.6_연산자_우선순위와_표현식_트리.vcxproj", "{F10CE273-22F2-408F-BCEE-A393945EB2FB}"
EndProject
Project("{8BC9CEB8-8B4A-11D0-8D11-00A0C91BC942}") = "5.8_증가_감소_연산자", "5.8_증가_감소_연산자\5.8_증가_감소_연산자.vcxproj", "{3B6D09D1-CE5D-46E8-AEDE-89C564D79BA2}"
EndProject
Project("{8BC9CEB8-8B4A-11D0-8D11-00A0C91BC942}") = "5.9_표현식과_문장", "5.9_표현식과_문장\5.9_표현식과_문장.vcxproj", "{4A0A0400-9A67-46D9-851B-A7791DFB8C3F}"
EndProject
Project("{8BC9CEB8-8B4A-11D0-8D11-00A0C91BC942}") = "5.11_자료형_변환", "5.11_자료형_변환\5.11_자료형_변환.vcxproj", "{C1BFF43A-F245-4A3D-80A5-9FD22444840B}"
EndProject
Project("{8BC9CEB8-8B4A-11D0-8D11-00A0C91BC942}") = "5.12_함수의_인수와_매개변수", "5.12_함수의_인수와_매개변수\5.12_함수의_인수와_매개변수.vcxproj", "{B6DAE084-8F12-4DFD-A3D4-675FBBDA59F4}"
EndProject
Global
	GlobalSection(SolutionConfigurationPlatforms) = preSolution
		Debug|x64 = Debug|x64
		Debug|x86 = Debug|x86
		Release|x64 = Release|x64
		Release|x86 = Release|x86
	EndGlobalSection
	GlobalSection(ProjectConfigurationPlatforms) = postSolution
		{34B9089B-9A96-4C19-9572-9DEE2C2661FC}.Debug|x64.ActiveCfg = Debug|x64
		{34B9089B-9A96-4C19-9572-9DEE2C2661FC}.Debug|x64.Build.0 = Debug|x64
		{34B9089B-9A96-4C19-9572-9DEE2C2661FC}.Debug|x86.ActiveCfg = Debug|Win32
		{34B9089B-9A96-4C19-9572-9DEE2C2661FC}.Debug|x86.Build.0 = Debug|Win32
		{34B9089B-9A96-4C19-9572-9DEE2C2661FC}.Release|x64.ActiveCfg = Release|x64
		{34B9089B-9A96-4C19-9572-9DEE2C2661FC}.Release|x64.Build.0 = Release|x64
		{34B9089B-9A96-4C19-9572-9DEE2C2661FC}.Release|x86.ActiveCfg = Release|Win32
		{34B9089B-9A96-4C19-9572-9DEE2C2661FC}.Release|x86.Build.0 = Release|Win32
		{2C3B3059-59B3-4BD6-BE67-656964053DC8}.Debug|x64.ActiveCfg = Debug|x64
		{2C3B3059-59B3-4BD6-BE67-656964053DC8}.Debug|x64.Build.0 = Debug|x64
		{2C3B3059-59B3-4BD6-BE67-656964053DC8}.Debug|x86.ActiveCfg = Debug|Win32
		{2C3B3059-59B3-4BD6-BE67-656964053DC8}.Debug|x86.Build.0 = Debug|Win32
		{2C3B3059-59B3-4BD6-BE67-656964053DC8}.Release|x64.ActiveCfg = Release|x64
		{2C3B3059-59B3-4BD6-BE67-656964053DC8}.Release|x64.Build.0 = Release|x64
		{2C3B3059-59B3-4BD6-BE67-656964053DC8}.Release|x86.ActiveCfg = Release|Win32
		{2C3B3059-59B3-4BD6-BE67-656964053DC8}.Release|x86.Build.0 = Release|Win32
		{FB9EBEF4-2B44-450C-ADF4-3587F3EDC0B6}.Debug|x64.ActiveCfg = Debug|x64
		{FB9EBEF4-2B44-450C-ADF4-3587F3EDC0B6}.Debug|x64.Build.0 = Debug|x64
		{FB9EBEF4-2B44-450C-ADF4-3587F3EDC0B6}.Debug|x86.ActiveCfg = Debug|Win32
		{FB9EBEF4-2B44-450C-ADF4-3587F3EDC0B6}.Debug|x86.Build.0 = Debug|Win32
		{FB9EBEF4-2B44-450C-ADF4-3587F3EDC0B6}.Release|x64.ActiveCfg = Release|x64
		{FB9EBEF4-2B44-450C-ADF4-3587F3EDC0B6}.Release|x64.Build.0 = Release|x64
		{FB9EBEF4-2B44-450C-ADF4-3587F3EDC0B6}.Release|x86.ActiveCfg = Release|Win32
		{FB9EBEF4-2B44-450C-ADF4-3587F3EDC0B6}.Release|x86.Build.0 = Release|Win32
		{7BC21794-BF9B-4C4A-BED4-8DAC8DBE8B8D}.Debug|x64.ActiveCfg = Debug|x64
		{7BC21794-BF9B-4C4A-BED4-8DAC8DBE8B8D}.Debug|x64.Build.0 = Debug|x64
		{7BC21794-BF9B-4C4A-BED4-8DAC8DBE8B8D}.Debug|x86.ActiveCfg = Debug|Win32
		{7BC21794-BF9B-4C4A-BED4-8DAC8DBE8B8D}.Debug|x86.Build.0 = Debug|Win32
		{7BC21794-BF9B-4C4A-BED4-8DAC8DBE8B8D}.Release|x64.ActiveCfg = Release|x64
		{7BC21794-BF9B-4C4A-BED4-8DAC8DBE8B8D}.Release|x64.Build.0 = Release|x64
		{7BC21794-BF9B-4C4A-BED4-8DAC8DBE8B8D}.Release|x86.ActiveCfg = Release|Win32
		{7BC21794-BF9B-4C4A-BED4-8DAC8DBE8B8D}.Release|x86.Build.0 = Release|Win32
		{928EB23B-380C-4390-AC96-9A986F54FFEA}.Debug|x64.ActiveCfg = Debug|x64
		{928EB23B-380C-4390-AC96-9A986F54FFEA}.Debug|x64.Build.0 = Debug|x64
		{928EB23B-380C-4390-AC96-9A986F54FFEA}.Debug|x86.ActiveCfg = Debug|Win32
		{928EB23B-380C-4390-AC96-9A986F54FFEA}.Debug|x86.Build.0 = Debug|Win32
		{928EB23B-380C-4390-AC96-9A986F54FFEA}.Release|x64.ActiveCfg = Release|x64
		{928EB23B-380C-4390-AC96-9A986F54FFEA}.Release|x64.Build.0 = Release|x64
		{928EB23B-380C-4390-AC96-9A986F54FFEA}.Release|x86.ActiveCfg = Release|Win32
		{928EB23B-380C-4390-AC96-9A986F54FFEA}.Release|x86.Build.0 = Release|Win32
		{F10CE273-22F2-408F-BCEE-A393945EB2FB}.Debug|x64.ActiveCfg = Debug|x64
		{F10CE273-22F2-408F-BCEE-A393945EB2FB}.Debug|x64.Build.0 = Debug|x64
		{F10CE273-22F2-408F-BCEE-A393945EB2FB}.Debug|x86.ActiveCfg = Debug|Win32
		{F10CE273-22F2-408F-BCEE-A393945EB2FB}.Debug|x86.Build.0 = Debug|Win32
		{F10CE273-22F2-408F-BCEE-A393945EB2FB}.Release|x64.ActiveCfg = Release|x64
		{F10CE273-22F2-408F-BCEE-A393945EB2FB}.Release|x64.Build.0 = Release|x64
		{F10CE273-22F2-408F-BCEE-A393945EB2FB}.Release|x86.ActiveCfg = Release|Win32
		{F10CE273-22F2-408F-BCEE-A393945EB2FB}.Release|x86.Build.0 = Release|Win32
		{3B6D09D1-CE5D-46E8-AEDE-89C564D79BA2}.Debug|x64.ActiveCfg = Debug|x64
		{3B6D09D1-CE5D-46E8-AEDE-89C564D79BA2}.Debug|x64.Build.0 = Debug|x64
		{3B6D09D1-CE5D-46E8-AEDE-89C564D79BA2}.Debug|x86.ActiveCfg = Debug|Win32
		{3B6D09D1-CE5D-46E8-AEDE-89C564D79BA2}.Debug|x86.Build.0 = Debug|Win32
		{3B6D09D1-CE5D-46E8-AEDE-89C564D79BA2}.Release|x64.ActiveCfg = Release|x64
		{3B6D09D1-CE5D-46E8-AEDE-89C564D79BA2}.Release|x64.Build.0 = Release|x64
		{3B6D09D1-CE5D-46E8-AEDE-89C564D79BA2}.Release|x86.ActiveCfg = Release|Win32
		{3B6D09D1-CE5D-46E8-AEDE-89C564D79BA2}.Release|x86.Build.0 = Release|Win32
		{4A0A0400-9A67-46D9-851B-A7791DFB8C3F}.Debug|x64.ActiveCfg = Debug|x64
		{4A0A0400-9A67-46D9-851B-A7791DFB8C3F}.Debug|x64.Build.0 = Debug|x64
		{4A0A0400-9A67-46D9-851B-A7791DFB8C3F}.Debug|x86.ActiveCfg = Debug|Win32
		{4A0A0400-9A67-46D9-851B-A7791DFB8C3F}.Debug|x86.Build.0 = Debug|Win32
		{4A0A0400-9A67-46D9-851B-A7791DFB8C3F}.Release|x64.ActiveCfg = Release|x64
		{4A0A0400-9A67-46D9-851B-A7791DFB8C3F}.Release|x64.Build.0 = Release|x64
		{4A0A0400-9A67-46D9-851B-A7791DFB8C3F}.Release|x86.ActiveCfg = Release|Win32
		{4A0A0400-9A67-46D9-851B-A7791DFB8C3F}.Release|x86.Build.0 = Release|Win32
		{C1BFF43A-F245-4A3D-80A5-9FD22444840B}.Debug|x64.ActiveCfg = Debug|x64
		{C1BFF43A-F245-4A3D-80A5-9FD22444840B}.Debug|x64.Build.0 = Debug|x64
		{C1BFF43A-F245-4A3D-80A5-9FD22444840B}.Debug|x86.ActiveCfg = Debug|Win32
		{C1BFF43A-F245-4A3D-80A5-9FD22444840B}.Debug|x86.Build.0 = Debug|Win32
		{C1BFF43A-F245-4A3D-80A5-9FD22444840B}.Release|x64.ActiveCfg = Release|x64
		{C1BFF43A-F245-4A3D-80A5-9FD22444840B}.Release|x64.Build.0 = Release|x64
		{C1BFF43A-F245-4A3D-80A5-9FD22444840B}.Release|x86.ActiveCfg = Release|Win32
		{C1BFF43A-F245-4A3D-80A5-9FD22444840B}.Release|x86.Build.0 = Release|Win32
		{B6DAE084-8F12-4DFD-A3D4-675FBBDA59F4}.Debug|x64.ActiveCfg = Debug|x64
		{B6DAE084-8F12-4DFD-A3D4-675FBBDA59F4}.Debug|x64.Build.0 = Debug|x64
		{B6DAE084-8F12-4DFD-A3D4-675FBBDA59F4}.Debug|x86.ActiveCfg = Debug|Win32
		{B6DAE084-8F12-4DFD-A3D4-675FBBDA59F4}.Debug|x86.Build.0 = Debug|Win32
		{B6DAE084-8F12-4DFD-A3D4-675FBBDA59F4}.Release|x64.ActiveCfg = Release|x64
		{B6DAE084-8F12-4DFD-A3D4-675FBBDA59F4}.Release|x64.Build.0 = Release|x64
		{B6DAE084-8F12-4DFD-A3D4-675FBBDA59F4}.Release|x86.ActiveCfg = Release|Win32
		{B6DAE084-8F12-4DFD-A3D4-675FBBDA59F4}.Release|x86.Build.0 = Release|Win32
	EndGlobalSection
	GlobalSection(SolutionProperties) = preSolution
		HideSolutionNode = FALSE
	EndGlobalSection
	GlobalSection(ExtensibilityGlobals) = postSolution
		SolutionGuid = {E7231B7F-60E8-4D9F-8804-86736A14BFEB}
	EndGlobalSection
EndGlobal
